// !$*UTF8*$!
{
	archiveVersion = 1;
	classes = {
	};
	objectVersion = 46;
	objects = {

/* Begin PBXBuildFile section */
		04914B681BCCCC58003C7B75 /* main.m in Sources */ = {isa = PBXBuildFile; fileRef = 04914B671BCCCC58003C7B75 /* main.m */; };
		04914B6B1BCCCC58003C7B75 /* AppDelegate.m in Sources */ = {isa = PBXBuildFile; fileRef = 04914B6A1BCCCC58003C7B75 /* AppDelegate.m */; };
		04914B6E1BCCCC59003C7B75 /* ViewController.m in Sources */ = {isa = PBXBuildFile; fileRef = 04914B6D1BCCCC59003C7B75 /* ViewController.m */; };
		04914B711BCCCC59003C7B75 /* Main.storyboard in Resources */ = {isa = PBXBuildFile; fileRef = 04914B6F1BCCCC59003C7B75 /* Main.storyboard */; };
		04914B741BCCCC59003C7B75 /* Key_Value_CodingDemo.xcdatamodeld in Sources */ = {isa = PBXBuildFile; fileRef = 04914B721BCCCC59003C7B75 /* Key_Value_CodingDemo.xcdatamodeld */; };
		04914B761BCCCC59003C7B75 /* Assets.xcassets in Resources */ = {isa = PBXBuildFile; fileRef = 04914B751BCCCC59003C7B75 /* Assets.xcassets */; };
		04914B791BCCCC59003C7B75 /* LaunchScreen.storyboard in Resources */ = {isa = PBXBuildFile; fileRef = 04914B771BCCCC59003C7B75 /* LaunchScreen.storyboard */; };
		04914B841BCCCC59003C7B75 /* Key_Value_CodingDemoTests.m in Sources */ = {isa = PBXBuildFile; fileRef = 04914B831BCCCC59003C7B75 /* Key_Value_CodingDemoTests.m */; };
		04914B8F1BCCCC59003C7B75 /* Key_Value_CodingDemoUITests.m in Sources */ = {isa = PBXBuildFile; fileRef = 04914B8E1BCCCC59003C7B75 /* Key_Value_CodingDemoUITests.m */; };
		04914B9E1BCCCCEE003C7B75 /* Student.m in Sources */ = {isa = PBXBuildFile; fileRef = 04914B9D1BCCCCEE003C7B75 /* Student.m */; settings = {ASSET_TAGS = (); }; };
		04914BA11BCCCD82003C7B75 /* Course.m in Sources */ = {isa = PBXBuildFile; fileRef = 04914BA01BCCCD82003C7B75 /* Course.m */; settings = {ASSET_TAGS = (); }; };
/* End PBXBuildFile section */

/* Begin PBXContainerItemProxy section */
		04914B801BCCCC59003C7B75 /* PBXContainerItemProxy */ = {
			isa = PBXContainerItemProxy;
			containerPortal = 04914B5B1BCCCC58003C7B75 /* Project object */;
			proxyType = 1;
			remoteGlobalIDString = 04914B621BCCCC58003C7B75;
			remoteInfo = "Key-Value-CodingDemo";
		};
		04914B8B1BCCCC59003C7B75 /* PBXContainerItemProxy */ = {
			isa = PBXContainerItemProxy;
			containerPortal = 04914B5B1BCCCC58003C7B75 /* Project object */;
			proxyType = 1;
			remoteGlobalIDString = 04914B621BCCCC58003C7B75;
			remoteInfo = "Key-Value-CodingDemo";
		};
/* End PBXContainerItemProxy section */

/* Begin PBXFileReference section */
		04914B631BCCCC58003C7B75 /* Key-Value-CodingDemo.app */ = {isa = PBXFileReference; explicitFileType = wrapper.application; includeInIndex = 0; path = "Key-Value-CodingDemo.app"; sourceTree = BUILT_PRODUCTS_DIR; };
		04914B671BCCCC58003C7B75 /* main.m */ = {isa = PBXFileReference; lastKnownFileType = sourcecode.c.objc; path = main.m; sourceTree = "<group>"; };
		04914B691BCCCC58003C7B75 /* AppDelegate.h */ = {isa = PBXFileReference; lastKnownFileType = sourcecode.c.h; path = AppDelegate.h; sourceTree = "<group>"; };
		04914B6A1BCCCC58003C7B75 /* AppDelegate.m */ = {isa = PBXFileReference; lastKnownFileType = sourcecode.c.objc; path = AppDelegate.m; sourceTree = "<group>"; };
		04914B6C1BCCCC58003C7B75 /* ViewController.h */ = {isa = PBXFileReference; lastKnownFileType = sourcecode.c.h; path = ViewController.h; sourceTree = "<group>"; };
		04914B6D1BCCCC59003C7B75 /* ViewController.m */ = {isa = PBXFileReference; lastKnownFileType = sourcecode.c.objc; path = ViewController.m; sourceTree = "<group>"; };
		04914B701BCCCC59003C7B75 /* Base */ = {isa = PBXFileReference; lastKnownFileType = file.storyboard; name = Base; path = Base.lproj/Main.storyboard; sourceTree = "<group>"; };
		04914B731BCCCC59003C7B75 /* Key_Value_CodingDemo.xcdatamodel */ = {isa = PBXFileReference; lastKnownFileType = wrapper.xcdatamodel; path = Key_Value_CodingDemo.xcdatamodel; sourceTree = "<group>"; };
		04914B751BCCCC59003C7B75 /* Assets.xcassets */ = {isa = PBXFileReference; lastKnownFileType = folder.assetcatalog; path = Assets.xcassets; sourceTree = "<group>"; };
		04914B781BCCCC59003C7B75 /* Base */ = {isa = PBXFileReference; lastKnownFileType = file.storyboard; name = Base; path = Base.lproj/LaunchScreen.storyboard; sourceTree = "<group>"; };
		04914B7A1BCCCC59003C7B75 /* Info.plist */ = {isa = PBXFileReference; lastKnownFileType = text.plist.xml; path = Info.plist; sourceTree = "<group>"; };
		04914B7F1BCCCC59003C7B75 /* Key-Value-CodingDemoTests.xctest */ = {isa = PBXFileReference; explicitFileType = wrapper.cfbundle; includeInIndex = 0; path = "Key-Value-CodingDemoTests.xctest"; sourceTree = BUILT_PRODUCTS_DIR; };
		04914B831BCCCC59003C7B75 /* Key_Value_CodingDemoTests.m */ = {isa = PBXFileReference; lastKnownFileType = sourcecode.c.objc; path = Key_Value_CodingDemoTests.m; sourceTree = "<group>"; };
		04914B851BCCCC59003C7B75 /* Info.plist */ = {isa = PBXFileReference; lastKnownFileType = text.plist.xml; path = Info.plist; sourceTree = "<group>"; };
		04914B8A1BCCCC59003C7B75 /* Key-Value-CodingDemoUITests.xctest */ = {isa = PBXFileReference; explicitFileType = wrapper.cfbundle; includeInIndex = 0; path = "Key-Value-CodingDemoUITests.xctest"; sourceTree = BUILT_PRODUCTS_DIR; };
		04914B8E1BCCCC59003C7B75 /* Key_Value_CodingDemoUITests.m */ = {isa = PBXFileReference; lastKnownFileType = sourcecode.c.objc; path = Key_Value_CodingDemoUITests.m; sourceTree = "<group>"; };
		04914B901BCCCC59003C7B75 /* Info.plist */ = {isa = PBXFileReference; lastKnownFileType = text.plist.xml; path = Info.plist; sourceTree = "<group>"; };
		04914B9C1BCCCCEE003C7B75 /* Student.h */ = {isa = PBXFileReference; fileEncoding = 4; lastKnownFileType = sourcecode.c.h; path = Student.h; sourceTree = "<group>"; };
		04914B9D1BCCCCEE003C7B75 /* Student.m */ = {isa = PBXFileReference; fileEncoding = 4; lastKnownFileType = sourcecode.c.objc; path = Student.m; sourceTree = "<group>"; };
		04914B9F1BCCCD82003C7B75 /* Course.h */ = {isa = PBXFileReference; fileEncoding = 4; lastKnownFileType = sourcecode.c.h; path = Course.h; sourceTree = "<group>"; };
		04914BA01BCCCD82003C7B75 /* Course.m */ = {isa = PBXFileReference; fileEncoding = 4; lastKnownFileType = sourcecode.c.objc; path = Course.m; sourceTree = "<group>"; };
/* End PBXFileReference section */

/* Begin PBXFrameworksBuildPhase section */
		04914B601BCCCC58003C7B75 /* Frameworks */ = {
			isa = PBXFrameworksBuildPhase;
			buildActionMask = 2147483647;
			files = (
			);
			runOnlyForDeploymentPostprocessing = 0;
		};
		04914B7C1BCCCC59003C7B75 /* Frameworks */ = {
			isa = PBXFrameworksBuildPhase;
			buildActionMask = 2147483647;
			files = (
			);
			runOnlyForDeploymentPostprocessing = 0;
		};
		04914B871BCCCC59003C7B75 /* Frameworks */ = {
			isa = PBXFrameworksBuildPhase;
			buildActionMask = 2147483647;
			files = (
			);
			runOnlyForDeploymentPostprocessing = 0;
		};
/* End PBXFrameworksBuildPhase section */

/* Begin PBXGroup section */
		04914B5A1BCCCC58003C7B75 = {
			isa = PBXGroup;
			children = (
				04914B651BCCCC58003C7B75 /* Key-Value-CodingDemo */,
				04914B821BCCCC59003C7B75 /* Key-Value-CodingDemoTests */,
				04914B8D1BCCCC59003C7B75 /* Key-Value-CodingDemoUITests */,
				04914B641BCCCC58003C7B75 /* Products */,
			);
			sourceTree = "<group>";
		};
		04914B641BCCCC58003C7B75 /* Products */ = {
			isa = PBXGroup;
			children = (
				04914B631BCCCC58003C7B75 /* Key-Value-CodingDemo.app */,
				04914B7F1BCCCC59003C7B75 /* Key-Value-CodingDemoTests.xctest */,
				04914B8A1BCCCC59003C7B75 /* Key-Value-CodingDemoUITests.xctest */,
			);
			name = Products;
			sourceTree = "<group>";
		};
		04914B651BCCCC58003C7B75 /* Key-Value-CodingDemo */ = {
			isa = PBXGroup;
			children = (
				04914B691BCCCC58003C7B75 /* AppDelegate.h */,
				04914B6A1BCCCC58003C7B75 /* AppDelegate.m */,
				04914B6C1BCCCC58003C7B75 /* ViewController.h */,
				04914B6D1BCCCC59003C7B75 /* ViewController.m */,
				04914B6F1BCCCC59003C7B75 /* Main.storyboard */,
				04914B751BCCCC59003C7B75 /* Assets.xcassets */,
				04914B771BCCCC59003C7B75 /* LaunchScreen.storyboard */,
				04914B7A1BCCCC59003C7B75 /* Info.plist */,
				04914B721BCCCC59003C7B75 /* Key_Value_CodingDemo.xcdatamodeld */,
				04914B661BCCCC58003C7B75 /* Supporting Files */,
				04914B9C1BCCCCEE003C7B75 /* Student.h */,
				04914B9D1BCCCCEE003C7B75 /* Student.m */,
				04914B9F1BCCCD82003C7B75 /* Course.h */,
				04914BA01BCCCD82003C7B75 /* Course.m */,
			);
			path = "Key-Value-CodingDemo";
			sourceTree = "<group>";
		};
		04914B661BCCCC58003C7B75 /* Supporting Files */ = {
			isa = PBXGroup;
			children = (
				04914B671BCCCC58003C7B75 /* main.m */,
			);
			name = "Supporting Files";
			sourceTree = "<group>";
		};
		04914B821BCCCC59003C7B75 /* Key-Value-CodingDemoTests */ = {
			isa = PBXGroup;
			children = (
				04914B831BCCCC59003C7B75 /* Key_Value_CodingDemoTests.m */,
				04914B851BCCCC59003C7B75 /* Info.plist */,
			);
			path = "Key-Value-CodingDemoTests";
			sourceTree = "<group>";
		};
		04914B8D1BCCCC59003C7B75 /* Key-Value-CodingDemoUITests */ = {
			isa = PBXGroup;
			children = (
				04914B8E1BCCCC59003C7B75 /* Key_Value_CodingDemoUITests.m */,
				04914B901BCCCC59003C7B75 /* Info.plist */,
			);
			path = "Key-Value-CodingDemoUITests";
			sourceTree = "<group>";
		};
/* End PBXGroup section */

/* Begin PBXNativeTarget section */
		04914B621BCCCC58003C7B75 /* Key-Value-CodingDemo */ = {
			isa = PBXNativeTarget;
			buildConfigurationList = 04914B931BCCCC59003C7B75 /* Build configuration list for PBXNativeTarget "Key-Value-CodingDemo" */;
			buildPhases = (
				04914B5F1BCCCC58003C7B75 /* Sources */,
				04914B601BCCCC58003C7B75 /* Frameworks */,
				04914B611BCCCC58003C7B75 /* Resources */,
			);
			buildRules = (
			);
			dependencies = (
			);
			name = "Key-Value-CodingDemo";
			productName = "Key-Value-CodingDemo";
			productReference = 04914B631BCCCC58003C7B75 /* Key-Value-CodingDemo.app */;
			productType = "com.apple.product-type.application";
		};
		04914B7E1BCCCC59003C7B75 /* Key-Value-CodingDemoTests */ = {
			isa = PBXNativeTarget;
			buildConfigurationList = 04914B961BCCCC59003C7B75 /* Build configuration list for PBXNativeTarget "Key-Value-CodingDemoTests" */;
			buildPhases = (
				04914B7B1BCCCC59003C7B75 /* Sources */,
				04914B7C1BCCCC59003C7B75 /* Frameworks */,
				04914B7D1BCCCC59003C7B75 /* Resources */,
			);
			buildRules = (
			);
			dependencies = (
				04914B811BCCCC59003C7B75 /* PBXTargetDependency */,
			);
			name = "Key-Value-CodingDemoTests";
			productName = "Key-Value-CodingDemoTests";
			productReference = 04914B7F1BCCCC59003C7B75 /* Key-Value-CodingDemoTests.xctest */;
			productType = "com.apple.product-type.bundle.unit-test";
		};
		04914B891BCCCC59003C7B75 /* Key-Value-CodingDemoUITests */ = {
			isa = PBXNativeTarget;
			buildConfigurationList = 04914B991BCCCC59003C7B75 /* Build configuration list for PBXNativeTarget "Key-Value-CodingDemoUITests" */;
			buildPhases = (
				04914B861BCCCC59003C7B75 /* Sources */,
				04914B871BCCCC59003C7B75 /* Frameworks */,
				04914B881BCCCC59003C7B75 /* Resources */,
			);
			buildRules = (
			);
			dependencies = (
				04914B8C1BCCCC59003C7B75 /* PBXTargetDependency */,
			);
			name = "Key-Value-CodingDemoUITests";
			productName = "Key-Value-CodingDemoUITests";
			productReference = 04914B8A1BCCCC59003C7B75 /* Key-Value-CodingDemoUITests.xctest */;
			productType = "com.apple.product-type.bundle.ui-testing";
		};
/* End PBXNativeTarget section */

/* Begin PBXProject section */
		04914B5B1BCCCC58003C7B75 /* Project object */ = {
			isa = PBXProject;
			attributes = {
				LastUpgradeCheck = 0700;
				ORGANIZATIONNAME = lei.zhang;
				TargetAttributes = {
					04914B621BCCCC58003C7B75 = {
						CreatedOnToolsVersion = 7.0.1;
					};
					04914B7E1BCCCC59003C7B75 = {
						CreatedOnToolsVersion = 7.0.1;
						TestTargetID = 04914B621BCCCC58003C7B75;
					};
					04914B891BCCCC59003C7B75 = {
						CreatedOnToolsVersion = 7.0.1;
						TestTargetID = 04914B621BCCCC58003C7B75;
					};
				};
			};
			buildConfigurationList = 04914B5E1BCCCC58003C7B75 /* Build configuration list for PBXProject "Key-Value-CodingDemo" */;
			compatibilityVersion = "Xcode 3.2";
			developmentRegion = English;
			hasScannedForEncodings = 0;
			knownRegions = (
				en,
				Base,
			);
			mainGroup = 04914B5A1BCCCC58003C7B75;
			productRefGroup = 04914B641BCCCC58003C7B75 /* Products */;
			projectDirPath = "";
			projectRoot = "";
			targets = (
				04914B621BCCCC58003C7B75 /* Key-Value-CodingDemo */,
				04914B7E1BCCCC59003C7B75 /* Key-Value-CodingDemoTests */,
				04914B891BCCCC59003C7B75 /* Key-Value-CodingDemoUITests */,
			);
		};
/* End PBXProject section */

/* Begin PBXResourcesBuildPhase section */
		04914B611BCCCC58003C7B75 /* Resources */ = {
			isa = PBXResourcesBuildPhase;
			buildActionMask = 2147483647;
			files = (
				04914B791BCCCC59003C7B75 /* LaunchScreen.storyboard in Resources */,
				04914B761BCCCC59003C7B75 /* Assets.xcassets in Resources */,
				04914B711BCCCC59003C7B75 /* Main.storyboard in Resources */,
			);
			runOnlyForDeploymentPostprocessing = 0;
		};
		04914B7D1BCCCC59003C7B75 /* Resources */ = {
			isa = PBXResourcesBuildPhase;
			buildActionMask = 2147483647;
			files = (
			);
			runOnlyForDeploymentPostprocessing = 0;
		};
		04914B881BCCCC59003C7B75 /* Resources */ = {
			isa = PBXResourcesBuildPhase;
			buildActionMask = 2147483647;
			files = (
			);
			runOnlyForDeploymentPostprocessing = 0;
		};
/* End PBXResourcesBuildPhase section */

/* Begin PBXSourcesBuildPhase section */
		04914B5F1BCCCC58003C7B75 /* Sources */ = {
			isa = PBXSourcesBuildPhase;
			buildActionMask = 2147483647;
			files = (
				04914B6E1BCCCC59003C7B75 /* ViewController.m in Sources */,
				04914B6B1BCCCC58003C7B75 /* AppDelegate.m in Sources */,
				04914B9E1BCCCCEE003C7B75 /* Student.m in Sources */,
				04914B741BCCCC59003C7B75 /* Key_Value_CodingDemo.xcdatamodeld in Sources */,
				04914BA11BCCCD82003C7B75 /* Course.m in Sources */,
				04914B681BCCCC58003C7B75 /* main.m in Sources */,
			);
			runOnlyForDeploymentPostprocessing = 0;
		};
		04914B7B1BCCCC59003C7B75 /* Sources */ = {
			isa = PBXSourcesBuildPhase;
			buildActionMask = 2147483647;
			files = (
				04914B841BCCCC59003C7B75 /* Key_Value_CodingDemoTests.m in Sources */,
			);
			runOnlyForDeploymentPostprocessing = 0;
		};
		04914B861BCCCC59003C7B75 /* Sources */ = {
			isa = PBXSourcesBuildPhase;
			buildActionMask = 2147483647;
			files = (
				04914B8F1BCCCC59003C7B75 /* Key_Value_CodingDemoUITests.m in Sources */,
			);
			runOnlyForDeploymentPostprocessing = 0;
		};
/* End PBXSourcesBuildPhase section */

/* Begin PBXTargetDependency section */
		04914B811BCCCC59003C7B75 /* PBXTargetDependency */ = {
			isa = PBXTargetDependency;
			target = 04914B621BCCCC58003C7B75 /* Key-Value-CodingDemo */;
			targetProxy = 04914B801BCCCC59003C7B75 /* PBXContainerItemProxy */;
		};
		04914B8C1BCCCC59003C7B75 /* PBXTargetDependency */ = {
			isa = PBXTargetDependency;
			target = 04914B621BCCCC58003C7B75 /* Key-Value-CodingDemo */;
			targetProxy = 04914B8B1BCCCC59003C7B75 /* PBXContainerItemProxy */;
		};
/* End PBXTargetDependency section */

/* Begin PBXVariantGroup section */
		04914B6F1BCCCC59003C7B75 /* Main.storyboard */ = {
			isa = PBXVariantGroup;
			children = (
				04914B701BCCCC59003C7B75 /* Base */,
			);
			name = Main.storyboard;
			sourceTree = "<group>";
		};
		04914B771BCCCC59003C7B75 /* LaunchScreen.storyboard */ = {
			isa = PBXVariantGroup;
			children = (
				04914B781BCCCC59003C7B75 /* Base */,
			);
			name = LaunchScreen.storyboard;
			sourceTree = "<group>";
		};
/* End PBXVariantGroup section */

/* Begin XCBuildConfiguration section */
		04914B911BCCCC59003C7B75 /* Debug */ = {
			isa = XCBuildConfiguration;
			buildSettings = {
				ALWAYS_SEARCH_USER_PATHS = NO;
				CLANG_CXX_LANGUAGE_STANDARD = "gnu++0x";
				CLANG_CXX_LIBRARY = "libc++";
				CLANG_ENABLE_MODULES = YES;
				CLANG_ENABLE_OBJC_ARC = YES;
				CLANG_WARN_BOOL_CONVERSION = YES;
				CLANG_WARN_CONSTANT_CONVERSION = YES;
				CLANG_WARN_DIRECT_OBJC_ISA_USAGE = YES_ERROR;
				CLANG_WARN_EMPTY_BODY = YES;
				CLANG_WARN_ENUM_CONVERSION = YES;
				CLANG_WARN_INT_CONVERSION = YES;
				CLANG_WARN_OBJC_ROOT_CLASS = YES_ERROR;
				CLANG_WARN_UNREACHABLE_CODE = YES;
				CLANG_WARN__DUPLICATE_METHOD_MATCH = YES;
				"CODE_SIGN_IDENTITY[sdk=iphoneos*]" = "iPhone Developer";
				COPY_PHASE_STRIP = NO;
				DEBUG_INFORMATION_FORMAT = dwarf;
				ENABLE_STRICT_OBJC_MSGSEND = YES;
				ENABLE_TESTABILITY = YES;
				GCC_C_LANGUAGE_STANDARD = gnu99;
				GCC_DYNAMIC_NO_PIC = NO;
				GCC_NO_COMMON_BLOCKS = YES;
				GCC_OPTIMIZATION_LEVEL = 0;
				GCC_PREPROCESSOR_DEFINITIONS = (
					"DEBUG=1",
					"$(inherited)",
				);
				GCC_WARN_64_TO_32_BIT_CONVERSION = YES;
				GCC_WARN_ABOUT_RETURN_TYPE = YES_ERROR;
				GCC_WARN_UNDECLARED_SELECTOR = YES;
				GCC_WARN_UNINITIALIZED_AUTOS = YES_AGGRESSIVE;
				GCC_WARN_UNUSED_FUNCTION = YES;
				GCC_WARN_UNUSED_VARIABLE = YES;
				IPHONEOS_DEPLOYMENT_TARGET = 7.0;
				MTL_ENABLE_DEBUG_INFO = YES;
				ONLY_ACTIVE_ARCH = YES;
				SDKROOT = iphoneos;
			};
			name = Debug;
		};
		04914B921BCCCC59003C7B75 /* Release */ = {
			isa = XCBuildConfiguration;
			buildSettings = {
				ALWAYS_SEARCH_USER_PATHS = NO;
				CLANG_CXX_LANGUAGE_STANDARD = "gnu++0x";
				CLANG_CXX_LIBRARY = "libc++";
				CLANG_ENABLE_MODULES = YES;
				CLANG_ENABLE_OBJC_ARC = YES;
				CLANG_WARN_BOOL_CONVERSION = YES;
				CLANG_WARN_CONSTANT_CONVERSION = YES;
				CLANG_WARN_DIRECT_OBJC_ISA_USAGE = YES_ERROR;
				CLANG_WARN_EMPTY_BODY = YES;
				CLANG_WARN_ENUM_CONVERSION = YES;
				CLANG_WARN_INT_CONVERSION = YES;
				CLANG_WARN_OBJC_ROOT_CLASS = YES_ERROR;
				CLANG_WARN_UNREACHABLE_CODE = YES;
				CLANG_WARN__DUPLICATE_METHOD_MATCH = YES;
				"CODE_SIGN_IDENTITY[sdk=iphoneos*]" = "iPhone Developer";
				COPY_PHASE_STRIP = NO;
				DEBUG_INFORMATION_FORMAT = "dwarf-with-dsym";
				ENABLE_NS_ASSERTIONS = NO;
				ENABLE_STRICT_OBJC_MSGSEND = YES;
				GCC_C_LANGUAGE_STANDARD = gnu99;
				GCC_NO_COMMON_BLOCKS = YES;
				GCC_WARN_64_TO_32_BIT_CONVERSION = YES;
				GCC_WARN_ABOUT_RETURN_TYPE = YES_ERROR;
				GCC_WARN_UNDECLARED_SELECTOR = YES;
				GCC_WARN_UNINITIALIZED_AUTOS = YES_AGGRESSIVE;
				GCC_WARN_UNUSED_FUNCTION = YES;
				GCC_WARN_UNUSED_VARIABLE = YES;
				IPHONEOS_DEPLOYMENT_TARGET = 7.0;
				MTL_ENABLE_DEBUG_INFO = NO;
				SDKROOT = iphoneos;
				VALIDATE_PRODUCT = YES;
			};
			name = Release;
		};
		04914B941BCCCC59003C7B75 /* Debug */ = {
			isa = XCBuildConfiguration;
			buildSettings = {
				ASSETCATALOG_COMPILER_APPICON_NAME = AppIcon;
				INFOPLIST_FILE = "Key-Value-CodingDemo/Info.plist";
				IPHONEOS_DEPLOYMENT_TARGET = 7.0;
				LD_RUNPATH_SEARCH_PATHS = "$(inherited) @executable_path/Frameworks";
				PRODUCT_BUNDLE_IDENTIFIER = "lei.zhang.Key-Value-CodingDemo";
				PRODUCT_NAME = "$(TARGET_NAME)";
			};
			name = Debug;
		};
		04914B951BCCCC59003C7B75 /* Release */ = {
			isa = XCBuildConfiguration;
			buildSettings = {
				ASSETCATALOG_COMPILER_APPICON_NAME = AppIcon;
				INFOPLIST_FILE = "Key-Value-CodingDemo/Info.plist";
				IPHONEOS_DEPLOYMENT_TARGET = 7.0;
				LD_RUNPATH_SEARCH_PATHS = "$(inherited) @executable_path/Frameworks";
				PRODUCT_BUNDLE_IDENTIFIER = "lei.zhang.Key-Value-CodingDemo";
				PRODUCT_NAME = "$(TARGET_NAME)";
			};
			name = Release;
		};
		04914B971BCCCC59003C7B75 /* Debug */ = {
			isa = XCBuildConfiguration;
			buildSettings = {
				BUNDLE_LOADER = "$(TEST_HOST)";
				INFOPLIST_FILE = "Key-Value-CodingDemoTests/Info.plist";
				LD_RUNPATH_SEARCH_PATHS = "$(inherited) @executable_path/Frameworks @loader_path/Frameworks";
				PRODUCT_BUNDLE_IDENTIFIER = "lei.zhang.Key-Value-CodingDemoTests";
				PRODUCT_NAME = "$(TARGET_NAME)";
				TEST_HOST = "$(BUILT_PRODUCTS_DIR)/Key-Value-CodingDemo.app/Key-Value-CodingDemo";
			};
			name = Debug;
		};
		04914B981BCCCC59003C7B75 /* Release */ = {
			isa = XCBuildConfiguration;
			buildSettings = {
				BUNDLE_LOADER = "$(TEST_HOST)";
				INFOPLIST_FILE = "Key-Value-CodingDemoTests/Info.plist";
				LD_RUNPATH_SEARCH_PATHS = "$(inherited) @executable_path/Frameworks @loader_path/Frameworks";
				PRODUCT_BUNDLE_IDENTIFIER = "lei.zhang.Key-Value-CodingDemoTests";
				PRODUCT_NAME = "$(TARGET_NAME)";
				TEST_HOST = "$(BUILT_PRODUCTS_DIR)/Key-Value-CodingDemo.app/Key-Value-CodingDemo";
			};
			name = Release;
		};
		04914B9A1BCCCC59003C7B75 /* Debug */ = {
			isa = XCBuildConfiguration;
			buildSettings = {
				INFOPLIST_FILE = "Key-Value-CodingDemoUITests/Info.plist";
				LD_RUNPATH_SEARCH_PATHS = "$(inherited) @executable_path/Frameworks @loader_path/Frameworks";
				PRODUCT_BUNDLE_IDENTIFIER = "lei.zhang.Key-Value-CodingDemoUITests";
				PRODUCT_NAME = "$(TARGET_NAME)";
				TEST_TARGET_NAME = "Key-Value-CodingDemo";
				USES_XCTRUNNER = YES;
			};
			name = Debug;
		};
		04914B9B1BCCCC59003C7B75 /* Release */ = {
			isa = XCBuildConfiguration;
			buildSettings = {
				INFOPLIST_FILE = "Key-Value-CodingDemoUITests/Info.plist";
				LD_RUNPATH_SEARCH_PATHS = "$(inherited) @executable_path/Frameworks @loader_path/Frameworks";
				PRODUCT_BUNDLE_IDENTIFIER = "lei.zhang.Key-Value-CodingDemoUITests";
				PRODUCT_NAME = "$(TARGET_NAME)";
				TEST_TARGET_NAME = "Key-Value-CodingDemo";
				USES_XCTRUNNER = YES;
			};
			name = Release;
		};
/* End XCBuildConfiguration section */

/* Begin XCConfigurationList section */
		04914B5E1BCCCC58003C7B75 /* Build configuration list for PBXProject "Key-Value-CodingDemo" */ = {
			isa = XCConfigurationList;
			buildConfigurations = (
				04914B911BCCCC59003C7B75 /* Debug */,
				04914B921BCCCC59003C7B75 /* Release */,
			);
			defaultConfigurationIsVisible = 0;
			defaultConfigurationName = Release;
		};
		04914B931BCCCC59003C7B75 /* Build configuration list for PBXNativeTarget "Key-Value-CodingDemo" */ = {
			isa = XCConfigurationList;
			buildConfigurations = (
				04914B941BCCCC59003C7B75 /* Debug */,
				04914B951BCCCC59003C7B75 /* Release */,
			);
			defaultConfigurationIsVisible = 0;
		};
		04914B961BCCCC59003C7B75 /* Build configuration list for PBXNativeTarget "Key-Value-CodingDemoTests" */ = {
			isa = XCConfigurationList;
			buildConfigurations = (
				04914B971BCCCC59003C7B75 /* Debug */,
				04914B981BCCCC59003C7B75 /* Release */,
			);
			defaultConfigurationIsVisible = 0;
		};
		04914B991BCCCC59003C7B75 /* Build configuration list for PBXNativeTarget "Key-Value-CodingDemoUITests" */ = {
			isa = XCConfigurationList;
			buildConfigurations = (
				04914B9A1BCCCC59003C7B75 /* Debug */,
				04914B9B1BCCCC59003C7B75 /* Release */,
			);
			defaultConfigurationIsVisible = 0;
		};
/* End XCConfigurationList section */

/* Begin XCVersionGroup section */
		04914B721BCCCC59003C7B75 /* Key_Value_CodingDemo.xcdatamodeld */ = {
			isa = XCVersionGroup;
			children = (
				04914B731BCCCC59003C7B75 /* Key_Value_CodingDemo.xcdatamodel */,
			);
			currentVersion = 04914B731BCCCC59003C7B75 /* Key_Value_CodingDemo.xcdatamodel */;
			path = Key_Value_CodingDemo.xcdatamodeld;
			sourceTree = "<group>";
			versionGroupType = wrapper.xcdatamodel;
		};
/* End XCVersionGroup section */
	};
	rootObject = 04914B5B1BCCCC58003C7B75 /* Project object */;
}
